
Microsoft Visual Studio Solution File, Format Version 12.00
# Visual Studio Version 17
VisualStudioVersion = 17.14.36109.1 d17.14
MinimumVisualStudioVersion = 10.0.40219.1
Project("{FAE04EC0-301F-11D3-BF4B-00C04F79EFBC}") = "repositorypatterndemo", "repositorypatterndemo\repositorypatterndemo.csproj", "{B82C7E21-D657-4DAA-8BC7-0615167B1FD1}"
EndProject
Project("{FAE04EC0-301F-11D3-BF4B-00C04F79EFBC}") = "Entities", "Entities\Entities.csproj", "{BBD38078-2740-4B16-8745-A7307989E1C8}"
EndProject
Project("{FAE04EC0-301F-11D3-BF4B-00C04F79EFBC}") = "repository", "repository\repository.csproj", "{409360E4-C360-48F1-8AC8-0CBA287D6081}"
EndProject
Global
	GlobalSection(SolutionConfigurationPlatforms) = preSolution
		Debug|Any CPU = Debug|Any CPU
		Release|Any CPU = Release|Any CPU
	EndGlobalSection
	GlobalSection(ProjectConfigurationPlatforms) = postSolution
		{B82C7E21-D657-4DAA-8BC7-0615167B1FD1}.Debug|Any CPU.ActiveCfg = Debug|Any CPU
		{B82C7E21-D657-4DAA-8BC7-0615167B1FD1}.Debug|Any CPU.Build.0 = Debug|Any CPU
		{B82C7E21-D657-4DAA-8BC7-0615167B1FD1}.Release|Any CPU.ActiveCfg = Release|Any CPU
		{B82C7E21-D657-4DAA-8BC7-0615167B1FD1}.Release|Any CPU.Build.0 = Release|Any CPU
		{BBD38078-2740-4B16-8745-A7307989E1C8}.Debug|Any CPU.ActiveCfg = Debug|Any CPU
		{BBD38078-2740-4B16-8745-A7307989E1C8}.Debug|Any CPU.Build.0 = Debug|Any CPU
		{BBD38078-2740-4B16-8745-A7307989E1C8}.Release|Any CPU.ActiveCfg = Release|Any CPU
		{BBD38078-2740-4B16-8745-A7307989E1C8}.Release|Any CPU.Build.0 = Release|Any CPU
		{409360E4-C360-48F1-8AC8-0CBA287D6081}.Debug|Any CPU.ActiveCfg = Debug|Any CPU
		{409360E4-C360-48F1-8AC8-0CBA287D6081}.Debug|Any CPU.Build.0 = Debug|Any CPU
		{409360E4-C360-48F1-8AC8-0CBA287D6081}.Release|Any CPU.ActiveCfg = Release|Any CPU
		{409360E4-C360-48F1-8AC8-0CBA287D6081}.Release|Any CPU.Build.0 = Release|Any CPU
	EndGlobalSection
	GlobalSection(SolutionProperties) = preSolution
		HideSolutionNode = FALSE
	EndGlobalSection
	GlobalSection(ExtensibilityGlobals) = postSolution
		SolutionGuid = {B65F15CC-601D-4D7A-8F96-4C5E438C68FC}
	EndGlobalSection
EndGlobal
